// !$*UTF8*$!
{
	archiveVersion = 1;
	classes = {
	};
	objectVersion = 46;
	objects = {

/* Begin PBXBuildFile section */
		D09F4C261E732AA7005D950D /* AppDelegate.swift in Sources */ = {isa = PBXBuildFile; fileRef = D09F4C251E732AA7005D950D /* AppDelegate.swift */; };
		D09F4C281E732AA7005D950D /* TreatmentsViewController.swift in Sources */ = {isa = PBXBuildFile; fileRef = D09F4C271E732AA7005D950D /* TreatmentsViewController.swift */; };
		D09F4C2A1E732AA7005D950D /* BodyViewController.swift in Sources */ = {isa = PBXBuildFile; fileRef = D09F4C291E732AA7005D950D /* BodyViewController.swift */; };
		D09F4C2D1E732AA7005D950D /* Main.storyboard in Resources */ = {isa = PBXBuildFile; fileRef = D09F4C2B1E732AA7005D950D /* Main.storyboard */; };
		D09F4C2F1E732AA7005D950D /* Assets.xcassets in Resources */ = {isa = PBXBuildFile; fileRef = D09F4C2E1E732AA7005D950D /* Assets.xcassets */; };
		D09F4C321E732AA7005D950D /* LaunchScreen.storyboard in Resources */ = {isa = PBXBuildFile; fileRef = D09F4C301E732AA7005D950D /* LaunchScreen.storyboard */; };
		D09F4C411E7333D0005D950D /* TreatmentsViewModel.swift in Sources */ = {isa = PBXBuildFile; fileRef = D09F4C401E7333D0005D950D /* TreatmentsViewModel.swift */; };
		D09F4C431E733566005D950D /* TreatmentCell.swift in Sources */ = {isa = PBXBuildFile; fileRef = D09F4C421E733566005D950D /* TreatmentCell.swift */; };
		D09F4C461E733807005D950D /* Extensions.swift in Sources */ = {isa = PBXBuildFile; fileRef = D09F4C451E733807005D950D /* Extensions.swift */; };
/* End PBXBuildFile section */

/* Begin PBXFileReference section */
		D09F4C221E732AA7005D950D /* TreatmentApp.app */ = {isa = PBXFileReference; explicitFileType = wrapper.application; includeInIndex = 0; path = TreatmentApp.app; sourceTree = BUILT_PRODUCTS_DIR; };
		D09F4C251E732AA7005D950D /* AppDelegate.swift */ = {isa = PBXFileReference; lastKnownFileType = sourcecode.swift; path = AppDelegate.swift; sourceTree = "<group>"; };
		D09F4C271E732AA7005D950D /* TreatmentsViewController.swift */ = {isa = PBXFileReference; lastKnownFileType = sourcecode.swift; path = TreatmentsViewController.swift; sourceTree = "<group>"; };
		D09F4C291E732AA7005D950D /* BodyViewController.swift */ = {isa = PBXFileReference; lastKnownFileType = sourcecode.swift; path = BodyViewController.swift; sourceTree = "<group>"; };
		D09F4C2C1E732AA7005D950D /* Base */ = {isa = PBXFileReference; lastKnownFileType = file.storyboard; name = Base; path = Base.lproj/Main.storyboard; sourceTree = "<group>"; };
		D09F4C2E1E732AA7005D950D /* Assets.xcassets */ = {isa = PBXFileReference; lastKnownFileType = folder.assetcatalog; path = Assets.xcassets; sourceTree = "<group>"; };
		D09F4C311E732AA7005D950D /* Base */ = {isa = PBXFileReference; lastKnownFileType = file.storyboard; name = Base; path = Base.lproj/LaunchScreen.storyboard; sourceTree = "<group>"; };
		D09F4C331E732AA7005D950D /* Info.plist */ = {isa = PBXFileReference; lastKnownFileType = text.plist.xml; path = Info.plist; sourceTree = "<group>"; };
		D09F4C401E7333D0005D950D /* TreatmentsViewModel.swift */ = {isa = PBXFileReference; fileEncoding = 4; lastKnownFileType = sourcecode.swift; path = TreatmentsViewModel.swift; sourceTree = "<group>"; };
		D09F4C421E733566005D950D /* TreatmentCell.swift */ = {isa = PBXFileReference; fileEncoding = 4; lastKnownFileType = sourcecode.swift; path = TreatmentCell.swift; sourceTree = "<group>"; };
		D09F4C451E733807005D950D /* Extensions.swift */ = {isa = PBXFileReference; fileEncoding = 4; lastKnownFileType = sourcecode.swift; path = Extensions.swift; sourceTree = "<group>"; };
/* End PBXFileReference section */

/* Begin PBXFrameworksBuildPhase section */
		D09F4C1F1E732AA7005D950D /* Frameworks */ = {
			isa = PBXFrameworksBuildPhase;
			buildActionMask = 2147483647;
			files = (
			);
			runOnlyForDeploymentPostprocessing = 0;
		};
/* End PBXFrameworksBuildPhase section */

/* Begin PBXGroup section */
		D09F4C191E732AA7005D950D = {
			isa = PBXGroup;
			children = (
				D09F4C241E732AA7005D950D /* TreatmentApp */,
				D09F4C231E732AA7005D950D /* Products */,
			);
			sourceTree = "<group>";
		};
		D09F4C231E732AA7005D950D /* Products */ = {
			isa = PBXGroup;
			children = (
				D09F4C221E732AA7005D950D /* TreatmentApp.app */,
			);
			name = Products;
			sourceTree = "<group>";
		};
		D09F4C241E732AA7005D950D /* TreatmentApp */ = {
			isa = PBXGroup;
			children = (
				D09F4C251E732AA7005D950D /* AppDelegate.swift */,
				D09F4C391E732FA8005D950D /* Model */,
				D09F4C3A1E732FBA005D950D /* Views */,
				D09F4C3C1E732FD2005D950D /* ViewModels */,
				D09F4C3B1E732FC1005D950D /* Controllers */,
				D09F4C441E7337DB005D950D /* Helpers */,
				D09F4C3D1E733009005D950D /* UI */,
				D09F4C3E1E733036005D950D /* Assets */,
				D09F4C3F1E73306E005D950D /* Supporting Files */,
			);
			path = TreatmentApp;
			sourceTree = "<group>";
		};
		D09F4C391E732FA8005D950D /* Model */ = {
			isa = PBXGroup;
			children = (
			);
			name = Model;
			sourceTree = "<group>";
		};
		D09F4C3A1E732FBA005D950D /* Views */ = {
			isa = PBXGroup;
			children = (
				D09F4C421E733566005D950D /* TreatmentCell.swift */,
			);
			name = Views;
			sourceTree = "<group>";
		};
		D09F4C3B1E732FC1005D950D /* Controllers */ = {
			isa = PBXGroup;
			children = (
				D09F4C271E732AA7005D950D /* TreatmentsViewController.swift */,
				D09F4C291E732AA7005D950D /* BodyViewController.swift */,
			);
			name = Controllers;
			sourceTree = "<group>";
		};
		D09F4C3C1E732FD2005D950D /* ViewModels */ = {
			isa = PBXGroup;
			children = (
				D09F4C401E7333D0005D950D /* TreatmentsViewModel.swift */,
			);
			name = ViewModels;
			sourceTree = "<group>";
		};
		D09F4C3D1E733009005D950D /* UI */ = {
			isa = PBXGroup;
			children = (
				D09F4C301E732AA7005D950D /* LaunchScreen.storyboard */,
				D09F4C2B1E732AA7005D950D /* Main.storyboard */,
			);
			name = UI;
			sourceTree = "<group>";
		};
		D09F4C3E1E733036005D950D /* Assets */ = {
			isa = PBXGroup;
			children = (
				D09F4C2E1E732AA7005D950D /* Assets.xcassets */,
			);
			name = Assets;
			sourceTree = "<group>";
		};
		D09F4C3F1E73306E005D950D /* Supporting Files */ = {
			isa = PBXGroup;
			children = (
				D09F4C331E732AA7005D950D /* Info.plist */,
			);
			name = "Supporting Files";
			sourceTree = "<group>";
		};
		D09F4C441E7337DB005D950D /* Helpers */ = {
			isa = PBXGroup;
			children = (
				D09F4C451E733807005D950D /* Extensions.swift */,
			);
			name = Helpers;
			sourceTree = "<group>";
		};
/* End PBXGroup section */

/* Begin PBXNativeTarget section */
		D09F4C211E732AA7005D950D /* TreatmentApp */ = {
			isa = PBXNativeTarget;
			buildConfigurationList = D09F4C361E732AA7005D950D /* Build configuration list for PBXNativeTarget "TreatmentApp" */;
			buildPhases = (
				D09F4C1E1E732AA7005D950D /* Sources */,
				D09F4C1F1E732AA7005D950D /* Frameworks */,
				D09F4C201E732AA7005D950D /* Resources */,
			);
			buildRules = (
			);
			dependencies = (
			);
			name = TreatmentApp;
			productName = TreatmentApp;
			productReference = D09F4C221E732AA7005D950D /* TreatmentApp.app */;
			productType = "com.apple.product-type.application";
		};
/* End PBXNativeTarget section */

/* Begin PBXProject section */
		D09F4C1A1E732AA7005D950D /* Project object */ = {
			isa = PBXProject;
			attributes = {
				LastSwiftUpdateCheck = 0820;
				LastUpgradeCheck = 0820;
				ORGANIZATIONNAME = "Thiago Heitling";
				TargetAttributes = {
					D09F4C211E732AA7005D950D = {
						CreatedOnToolsVersion = 8.2.1;
						DevelopmentTeam = QJTG96F33N;
						ProvisioningStyle = Automatic;
					};
				};
			};
			buildConfigurationList = D09F4C1D1E732AA7005D950D /* Build configuration list for PBXProject "TreatmentApp" */;
			compatibilityVersion = "Xcode 3.2";
			developmentRegion = English;
			hasScannedForEncodings = 0;
			knownRegions = (
				en,
				Base,
			);
			mainGroup = D09F4C191E732AA7005D950D;
			productRefGroup = D09F4C231E732AA7005D950D /* Products */;
			projectDirPath = "";
			projectRoot = "";
			targets = (
				D09F4C211E732AA7005D950D /* TreatmentApp */,
			);
		};
/* End PBXProject section */

/* Begin PBXResourcesBuildPhase section */
		D09F4C201E732AA7005D950D /* Resources */ = {
			isa = PBXResourcesBuildPhase;
			buildActionMask = 2147483647;
			files = (
				D09F4C321E732AA7005D950D /* LaunchScreen.storyboard in Resources */,
				D09F4C2F1E732AA7005D950D /* Assets.xcassets in Resources */,
				D09F4C2D1E732AA7005D950D /* Main.storyboard in Resources */,
			);
			runOnlyForDeploymentPostprocessing = 0;
		};
/* End PBXResourcesBuildPhase section */

/* Begin PBXSourcesBuildPhase section */
		D09F4C1E1E732AA7005D950D /* Sources */ = {
			isa = PBXSourcesBuildPhase;
			buildActionMask = 2147483647;
			files = (
				D09F4C2A1E732AA7005D950D /* BodyViewController.swift in Sources */,
				D09F4C461E733807005D950D /* Extensions.swift in Sources */,
				D09F4C261E732AA7005D950D /* AppDelegate.swift in Sources */,
				D09F4C431E733566005D950D /* TreatmentCell.swift in Sources */,
				D09F4C281E732AA7005D950D /* TreatmentsViewController.swift in Sources */,
				D09F4C411E7333D0005D950D /* TreatmentsViewModel.swift in Sources */,
			);
			runOnlyForDeploymentPostprocessing = 0;
		};
/* End PBXSourcesBuildPhase section */

/* Begin PBXVariantGroup section */
		D09F4C2B1E732AA7005D950D /* Main.storyboard */ = {
			isa = PBXVariantGroup;
			children = (
				D09F4C2C1E732AA7005D950D /* Base */,
			);
			name = Main.storyboard;
			sourceTree = "<group>";
		};
		D09F4C301E732AA7005D950D /* LaunchScreen.storyboard */ = {
			isa = PBXVariantGroup;
			children = (
				D09F4C311E732AA7005D950D /* Base */,
			);
			name = LaunchScreen.storyboard;
			sourceTree = "<group>";
		};
/* End PBXVariantGroup section */

/* Begin XCBuildConfiguration section */
		D09F4C341E732AA7005D950D /* Debug */ = {
			isa = XCBuildConfiguration;
			buildSettings = {
				ALWAYS_SEARCH_USER_PATHS = NO;
				CLANG_ANALYZER_NONNULL = YES;
				CLANG_CXX_LANGUAGE_STANDARD = "gnu++0x";
				CLANG_CXX_LIBRARY = "libc++";
				CLANG_ENABLE_MODULES = YES;
				CLANG_ENABLE_OBJC_ARC = YES;
				CLANG_WARN_BOOL_CONVERSION = YES;
				CLANG_WARN_CONSTANT_CONVERSION = YES;
				CLANG_WARN_DIRECT_OBJC_ISA_USAGE = YES_ERROR;
				CLANG_WARN_DOCUMENTATION_COMMENTS = YES;
				CLANG_WARN_EMPTY_BODY = YES;
				CLANG_WARN_ENUM_CONVERSION = YES;
				CLANG_WARN_INFINITE_RECURSION = YES;
				CLANG_WARN_INT_CONVERSION = YES;
				CLANG_WARN_OBJC_ROOT_CLASS = YES_ERROR;
				CLANG_WARN_SUSPICIOUS_MOVE = YES;
				CLANG_WARN_UNREACHABLE_CODE = YES;
				CLANG_WARN__DUPLICATE_METHOD_MATCH = YES;
				"CODE_SIGN_IDENTITY[sdk=iphoneos*]" = "iPhone Developer";
				COPY_PHASE_STRIP = NO;
				DEBUG_INFORMATION_FORMAT = dwarf;
				ENABLE_STRICT_OBJC_MSGSEND = YES;
				ENABLE_TESTABILITY = YES;
				GCC_C_LANGUAGE_STANDARD = gnu99;
				GCC_DYNAMIC_NO_PIC = NO;
				GCC_NO_COMMON_BLOCKS = YES;
				GCC_OPTIMIZATION_LEVEL = 0;
				GCC_PREPROCESSOR_DEFINITIONS = (
					"DEBUG=1",
					"$(inherited)",
				);
				GCC_WARN_64_TO_32_BIT_CONVERSION = YES;
				GCC_WARN_ABOUT_RETURN_TYPE = YES_ERROR;
				GCC_WARN_UNDECLARED_SELECTOR = YES;
				GCC_WARN_UNINITIALIZED_AUTOS = YES_AGGRESSIVE;
				GCC_WARN_UNUSED_FUNCTION = YES;
				GCC_WARN_UNUSED_VARIABLE = YES;
				IPHONEOS_DEPLOYMENT_TARGET = 10.2;
				MTL_ENABLE_DEBUG_INFO = YES;
				ONLY_ACTIVE_ARCH = YES;
				SDKROOT = iphoneos;
				SWIFT_ACTIVE_COMPILATION_CONDITIONS = DEBUG;
				SWIFT_OPTIMIZATION_LEVEL = "-Onone";
				TARGETED_DEVICE_FAMILY = "1,2";
			};
			name = Debug;
		};
		D09F4C351E732AA7005D950D /* Release */ = {
			isa = XCBuildConfiguration;
			buildSettings = {
				ALWAYS_SEARCH_USER_PATHS = NO;
				CLANG_ANALYZER_NONNULL = YES;
				CLANG_CXX_LANGUAGE_STANDARD = "gnu++0x";
				CLANG_CXX_LIBRARY = "libc++";
				CLANG_ENABLE_MODULES = YES;
				CLANG_ENABLE_OBJC_ARC = YES;
				CLANG_WARN_BOOL_CONVERSION = YES;
				CLANG_WARN_CONSTANT_CONVERSION = YES;
				CLANG_WARN_DIRECT_OBJC_ISA_USAGE = YES_ERROR;
				CLANG_WARN_DOCUMENTATION_COMMENTS = YES;
				CLANG_WARN_EMPTY_BODY = YES;
				CLANG_WARN_ENUM_CONVERSION = YES;
				CLANG_WARN_INFINITE_RECURSION = YES;
				CLANG_WARN_INT_CONVERSION = YES;
				CLANG_WARN_OBJC_ROOT_CLASS = YES_ERROR;
				CLANG_WARN_SUSPICIOUS_MOVE = YES;
				CLANG_WARN_UNREACHABLE_CODE = YES;
				CLANG_WARN__DUPLICATE_METHOD_MATCH = YES;
				"CODE_SIGN_IDENTITY[sdk=iphoneos*]" = "iPhone Developer";
				COPY_PHASE_STRIP = NO;
				DEBUG_INFORMATION_FORMAT = "dwarf-with-dsym";
				ENABLE_NS_ASSERTIONS = NO;
				ENABLE_STRICT_OBJC_MSGSEND = YES;
				GCC_C_LANGUAGE_STANDARD = gnu99;
				GCC_NO_COMMON_BLOCKS = YES;
				GCC_WARN_64_TO_32_BIT_CONVERSION = YES;
				GCC_WARN_ABOUT_RETURN_TYPE = YES_ERROR;
				GCC_WARN_UNDECLARED_SELECTOR = YES;
				GCC_WARN_UNINITIALIZED_AUTOS = YES_AGGRESSIVE;
				GCC_WARN_UNUSED_FUNCTION = YES;
				GCC_WARN_UNUSED_VARIABLE = YES;
				IPHONEOS_DEPLOYMENT_TARGET = 10.2;
				MTL_ENABLE_DEBUG_INFO = NO;
				SDKROOT = iphoneos;
				SWIFT_OPTIMIZATION_LEVEL = "-Owholemodule";
				TARGETED_DEVICE_FAMILY = "1,2";
				VALIDATE_PRODUCT = YES;
			};
			name = Release;
		};
		D09F4C371E732AA7005D950D /* Debug */ = {
			isa = XCBuildConfiguration;
			buildSettings = {
				ASSETCATALOG_COMPILER_APPICON_NAME = AppIcon;
				DEVELOPMENT_TEAM = QJTG96F33N;
				INFOPLIST_FILE = TreatmentApp/Info.plist;
				LD_RUNPATH_SEARCH_PATHS = "$(inherited) @executable_path/Frameworks";
				PRODUCT_BUNDLE_IDENTIFIER = com.thiagoheitling.TreatmentApp;
				PRODUCT_NAME = "$(TARGET_NAME)";
				SWIFT_VERSION = 3.0;
			};
			name = Debug;
		};
		D09F4C381E732AA7005D950D /* Release */ = {
			isa = XCBuildConfiguration;
			buildSettings = {
				ASSETCATALOG_COMPILER_APPICON_NAME = AppIcon;
				DEVELOPMENT_TEAM = QJTG96F33N;
				INFOPLIST_FILE = TreatmentApp/Info.plist;
				LD_RUNPATH_SEARCH_PATHS = "$(inherited) @executable_path/Frameworks";
				PRODUCT_BUNDLE_IDENTIFIER = com.thiagoheitling.TreatmentApp;
				PRODUCT_NAME = "$(TARGET_NAME)";
				SWIFT_VERSION = 3.0;
			};
			name = Release;
		};
/* End XCBuildConfiguration section */

/* Begin XCConfigurationList section */
		D09F4C1D1E732AA7005D950D /* Build configuration list for PBXProject "TreatmentApp" */ = {
			isa = XCConfigurationList;
			buildConfigurations = (
				D09F4C341E732AA7005D950D /* Debug */,
				D09F4C351E732AA7005D950D /* Release */,
			);
			defaultConfigurationIsVisible = 0;
			defaultConfigurationName = Release;
		};
		D09F4C361E732AA7005D950D /* Build configuration list for PBXNativeTarget "TreatmentApp" */ = {
			isa = XCConfigurationList;
			buildConfigurations = (
				D09F4C371E732AA7005D950D /* Debug */,
				D09F4C381E732AA7005D950D /* Release */,
			);
			defaultConfigurationIsVisible = 0;
			defaultConfigurationName = Release;
		};
/* End XCConfigurationList section */
	};
	rootObject = D09F4C1A1E732AA7005D950D /* Project object */;
}
